
Microsoft Visual Studio Solution File, Format Version 12.00
# Visual Studio 2012
Project("{FAE04EC0-301F-11D3-BF4B-00C04F79EFBC}") = "LOLReplay", "LOLReplay.csproj", "{C3BAB9CB-CBDB-439C-9C3C-5E9F64BAE886}"
EndProject
Global
	GlobalSection(SolutionConfigurationPlatforms) = preSolution
		Debug|Any CPU = Debug|Any CPU
		Release|Any CPU = Release|Any CPU
	EndGlobalSection
	GlobalSection(ProjectConfigurationPlatforms) = postSolution
		{C3BAB9CB-CBDB-439C-9C3C-5E9F64BAE886}.Debug|Any CPU.ActiveCfg = Debug|Any CPU
		{C3BAB9CB-CBDB-439C-9C3C-5E9F64BAE886}.Debug|Any CPU.Build.0 = Debug|Any CPU
		{C3BAB9CB-CBDB-439C-9C3C-5E9F64BAE886}.Release|Any CPU.ActiveCfg = Release|Any CPU
		{C3BAB9CB-CBDB-439C-9C3C-5E9F64BAE886}.Release|Any CPU.Build.0 = Release|Any CPU
	EndGlobalSection
	GlobalSection(SolutionProperties) = preSolution
		HideSolutionNode = FALSE
	EndGlobalSection
EndGlobal
